
Microsoft Visual Studio Solution File, Format Version 12.00
# Visual Studio Version 16
VisualStudioVersion = 16.0.30114.105
MinimumVisualStudioVersion = 10.0.40219.1
Project("{FAE04EC0-301F-11D3-BF4B-00C04F79EFBC}") = "EMSIRails", "EMSIRails\EMSIRails.csproj", "{6044FC8B-776A-45E7-86B3-2FDED346681D}"
EndProject
Global
	GlobalSection(SolutionConfigurationPlatforms) = preSolution
		Debug|Any CPU = Debug|Any CPU
		Release|Any CPU = Release|Any CPU
	EndGlobalSection
	GlobalSection(ProjectConfigurationPlatforms) = postSolution
		{6044FC8B-776A-45E7-86B3-2FDED346681D}.Debug|Any CPU.ActiveCfg = Debug|Any CPU
		{6044FC8B-776A-45E7-86B3-2FDED346681D}.Debug|Any CPU.Build.0 = Debug|Any CPU
		{6044FC8B-776A-45E7-86B3-2FDED346681D}.Release|Any CPU.ActiveCfg = Release|Any CPU
		{6044FC8B-776A-45E7-86B3-2FDED346681D}.Release|Any CPU.Build.0 = Release|Any CPU
	EndGlobalSection
	GlobalSection(SolutionProperties) = preSolution
		HideSolutionNode = FALSE
	EndGlobalSection
	GlobalSection(ExtensibilityGlobals) = postSolution
		SolutionGuid = {3C3C4FAF-E3E2-4979-9FDA-B2F546831F68}
	EndGlobalSection
EndGlobal
